
Microsoft Visual Studio Solution File, Format Version 12.00
# Visual Studio Version 16
VisualStudioVersion = 16.0.30503.244
MinimumVisualStudioVersion = 10.0.40219.1
Project("{FAE04EC0-301F-11D3-BF4B-00C04F79EFBC}") = "GmailChallenge", "Gmail Challenge\GmailChallenge.csproj", "{FF2D9764-86A5-4C49-B542-4790895F8F29}"
EndProject
Global
	GlobalSection(SolutionConfigurationPlatforms) = preSolution
		Debug|Any CPU = Debug|Any CPU
		Release|Any CPU = Release|Any CPU
	EndGlobalSection
	GlobalSection(ProjectConfigurationPlatforms) = postSolution
		{FF2D9764-86A5-4C49-B542-4790895F8F29}.Debug|Any CPU.ActiveCfg = Debug|Any CPU
		{FF2D9764-86A5-4C49-B542-4790895F8F29}.Debug|Any CPU.Build.0 = Debug|Any CPU
		{FF2D9764-86A5-4C49-B542-4790895F8F29}.Release|Any CPU.ActiveCfg = Release|Any CPU
		{FF2D9764-86A5-4C49-B542-4790895F8F29}.Release|Any CPU.Build.0 = Release|Any CPU
	EndGlobalSection
	GlobalSection(SolutionProperties) = preSolution
		HideSolutionNode = FALSE
	EndGlobalSection
	GlobalSection(ExtensibilityGlobals) = postSolution
		SolutionGuid = {F4E08F1B-9118-40AC-A5A5-5065529F0339}
	EndGlobalSection
EndGlobal
